
Microsoft Visual Studio Solution File, Format Version 12.00
# Visual Studio Version 17
VisualStudioVersion = 17.9.34622.214
MinimumVisualStudioVersion = 10.0.40219.1
Project("{FAE04EC0-301F-11D3-BF4B-00C04F79EFBC}") = "Project", "Project\Project.csproj", "{016AB1E6-EE04-4982-AA03-D86330D15812}"
EndProject
Global
	GlobalSection(SolutionConfigurationPlatforms) = preSolution
		Debug|Any CPU = Debug|Any CPU
		Release|Any CPU = Release|Any CPU
	EndGlobalSection
	GlobalSection(ProjectConfigurationPlatforms) = postSolution
		{016AB1E6-EE04-4982-AA03-D86330D15812}.Debug|Any CPU.ActiveCfg = Debug|Any CPU
		{016AB1E6-EE04-4982-AA03-D86330D15812}.Debug|Any CPU.Build.0 = Debug|Any CPU
		{016AB1E6-EE04-4982-AA03-D86330D15812}.Release|Any CPU.ActiveCfg = Release|Any CPU
		{016AB1E6-EE04-4982-AA03-D86330D15812}.Release|Any CPU.Build.0 = Release|Any CPU
	EndGlobalSection
	GlobalSection(SolutionProperties) = preSolution
		HideSolutionNode = FALSE
	EndGlobalSection
	GlobalSection(ExtensibilityGlobals) = postSolution
		SolutionGuid = {2C232E2D-2EB3-4E78-B46A-79ED9DBE8F48}
	EndGlobalSection
EndGlobal
